// !$*UTF8*$!
{
	archiveVersion = 1;
	classes = {
	};
	objectVersion = 46;
	objects = {

/* Begin PBXBuildFile section */
		7B38933D1BE3087B00B9CE13 /* Fabric.framework in Frameworks */ = {isa = PBXBuildFile; fileRef = 7B38933B1BE3087B00B9CE13 /* Fabric.framework */; };
		7B38933E1BE3087B00B9CE13 /* TwitterKit.framework in Frameworks */ = {isa = PBXBuildFile; fileRef = 7B38933C1BE3087B00B9CE13 /* TwitterKit.framework */; };
		7B3893401BE308C400B9CE13 /* TwitterCore.framework in Frameworks */ = {isa = PBXBuildFile; fileRef = 7B38933F1BE308C400B9CE13 /* TwitterCore.framework */; };
		7B3893421BE30C5E00B9CE13 /* TwitterKitResources.bundle in Resources */ = {isa = PBXBuildFile; fileRef = 7B3893411BE30C5E00B9CE13 /* TwitterKitResources.bundle */; };
		7B60F6321BE40464001E3279 /* RecentSearch.m in Sources */ = {isa = PBXBuildFile; fileRef = 7B60F6311BE40464001E3279 /* RecentSearch.m */; };
		7B75C6751BE3476A0030F85F /* Localizable.strings in Resources */ = {isa = PBXBuildFile; fileRef = 7B75C6771BE3476A0030F85F /* Localizable.strings */; };
		7B87A4561BE25C070024A45B /* ResultSearchViewController.m in Sources */ = {isa = PBXBuildFile; fileRef = 7B87A4551BE25C070024A45B /* ResultSearchViewController.m */; };
		7B87A4591BE25F140024A45B /* GenericModel.m in Sources */ = {isa = PBXBuildFile; fileRef = 7B87A4581BE25F140024A45B /* GenericModel.m */; };
		7B87A45C1BE25F2D0024A45B /* TweetModel.m in Sources */ = {isa = PBXBuildFile; fileRef = 7B87A45B1BE25F2D0024A45B /* TweetModel.m */; };
		7B87A4601BE2601D0024A45B /* GenericTableViewCell.m in Sources */ = {isa = PBXBuildFile; fileRef = 7B87A45F1BE2601D0024A45B /* GenericTableViewCell.m */; };
		7B87A4631BE261270024A45B /* TweetCell.m in Sources */ = {isa = PBXBuildFile; fileRef = 7B87A4621BE261270024A45B /* TweetCell.m */; };
		7B87A46A1BE263850024A45B /* TweetCell.xib in Resources */ = {isa = PBXBuildFile; fileRef = 7B87A4681BE263850024A45B /* TweetCell.xib */; };
		7B87A46F1BE268CE0024A45B /* UITableView+Helper.m in Sources */ = {isa = PBXBuildFile; fileRef = 7B87A46E1BE268CE0024A45B /* UITableView+Helper.m */; };
		7B87A4721BE27E280024A45B /* CellHelper.m in Sources */ = {isa = PBXBuildFile; fileRef = 7B87A4711BE27E280024A45B /* CellHelper.m */; };
		7B87A47A1BE286F70024A45B /* CellLabel.m in Sources */ = {isa = PBXBuildFile; fileRef = 7B87A4791BE286F70024A45B /* CellLabel.m */; };
		7B9CD3A91BE313730024434D /* TrendingModel.m in Sources */ = {isa = PBXBuildFile; fileRef = 7B9CD3A81BE313730024434D /* TrendingModel.m */; };
		7B9CD3AC1BE31C010024434D /* Validator.m in Sources */ = {isa = PBXBuildFile; fileRef = 7B9CD3AB1BE31C010024434D /* Validator.m */; };
		7B9CD3AF1BE332B40024434D /* ImageDAO.m in Sources */ = {isa = PBXBuildFile; fileRef = 7B9CD3AE1BE332B40024434D /* ImageDAO.m */; };
		7BC0C22A1BDD583600CE2540 /* main.m in Sources */ = {isa = PBXBuildFile; fileRef = 7BC0C2291BDD583600CE2540 /* main.m */; };
		7BC0C2331BDD583600CE2540 /* Main.storyboard in Resources */ = {isa = PBXBuildFile; fileRef = 7BC0C2311BDD583600CE2540 /* Main.storyboard */; };
		7BC0C2351BDD583600CE2540 /* Assets.xcassets in Resources */ = {isa = PBXBuildFile; fileRef = 7BC0C2341BDD583600CE2540 /* Assets.xcassets */; };
		7BC0C2381BDD583600CE2540 /* LaunchScreen.storyboard in Resources */ = {isa = PBXBuildFile; fileRef = 7BC0C2361BDD583600CE2540 /* LaunchScreen.storyboard */; };
		7BC0C2431BDD583600CE2540 /* SoTTests.m in Sources */ = {isa = PBXBuildFile; fileRef = 7BC0C2421BDD583600CE2540 /* SoTTests.m */; };
		7BC0C24E1BDD583600CE2540 /* SoTUITests.m in Sources */ = {isa = PBXBuildFile; fileRef = 7BC0C24D1BDD583600CE2540 /* SoTUITests.m */; };
		7BCB0AEE1BE13B7E00042C40 /* RecentSearchButton.m in Sources */ = {isa = PBXBuildFile; fileRef = 7BCB0AED1BE13B7E00042C40 /* RecentSearchButton.m */; };
		7BCB0AF11BE13B9100042C40 /* GenericButton.m in Sources */ = {isa = PBXBuildFile; fileRef = 7BCB0AF01BE13B9100042C40 /* GenericButton.m */; };
		7BCB0AF41BE13BBB00042C40 /* TrendingNowButton.m in Sources */ = {isa = PBXBuildFile; fileRef = 7BCB0AF31BE13BBB00042C40 /* TrendingNowButton.m */; };
		7BCB0AF71BE13D6000042C40 /* HomeViewController.m in Sources */ = {isa = PBXBuildFile; fileRef = 7BCB0AF61BE13D6000042C40 /* HomeViewController.m */; };
		7BCB0AFA1BE13D8B00042C40 /* AppDelegate.m in Sources */ = {isa = PBXBuildFile; fileRef = 7BCB0AF91BE13D8B00042C40 /* AppDelegate.m */; };
		7BCB0AFE1BE13FCB00042C40 /* Constants.m in Sources */ = {isa = PBXBuildFile; fileRef = 7BCB0AFD1BE13FCB00042C40 /* Constants.m */; };
		7BCB0B011BE13FE100042C40 /* DeviceInfo.m in Sources */ = {isa = PBXBuildFile; fileRef = 7BCB0B001BE13FE100042C40 /* DeviceInfo.m */; };
		7BCB0B061BE1479400042C40 /* UIView+Helper.m in Sources */ = {isa = PBXBuildFile; fileRef = 7BCB0B051BE1479400042C40 /* UIView+Helper.m */; };
		7BCB0B091BE14ACC00042C40 /* GenericView.m in Sources */ = {isa = PBXBuildFile; fileRef = 7BCB0B081BE14ACC00042C40 /* GenericView.m */; };
		7BCB0B0C1BE14B1C00042C40 /* LineView.m in Sources */ = {isa = PBXBuildFile; fileRef = 7BCB0B0B1BE14B1C00042C40 /* LineView.m */; };
		7BCB0B101BE14D1800042C40 /* GenericImageView.m in Sources */ = {isa = PBXBuildFile; fileRef = 7BCB0B0F1BE14D1800042C40 /* GenericImageView.m */; };
		7BCB0B131BE14D4C00042C40 /* SearchImageView.m in Sources */ = {isa = PBXBuildFile; fileRef = 7BCB0B121BE14D4C00042C40 /* SearchImageView.m */; };
		7BCB0B161BE14E8B00042C40 /* TwitterImageView.m in Sources */ = {isa = PBXBuildFile; fileRef = 7BCB0B151BE14E8B00042C40 /* TwitterImageView.m */; };
		7BCB0B191BE1506800042C40 /* GenericTextField.m in Sources */ = {isa = PBXBuildFile; fileRef = 7BCB0B181BE1506800042C40 /* GenericTextField.m */; };
		7BCB0B1D1BE1509B00042C40 /* SearchTextField.m in Sources */ = {isa = PBXBuildFile; fileRef = 7BCB0B1C1BE1509B00042C40 /* SearchTextField.m */; };
		7BCB0B201BE151DD00042C40 /* SearchBackgroundView.m in Sources */ = {isa = PBXBuildFile; fileRef = 7BCB0B1F1BE151DD00042C40 /* SearchBackgroundView.m */; };
		7BCB0B241BE1540800042C40 /* GenericLabel.m in Sources */ = {isa = PBXBuildFile; fileRef = 7BCB0B231BE1540800042C40 /* GenericLabel.m */; };
		7BCB0B271BE1554200042C40 /* RecentSearchLabel.m in Sources */ = {isa = PBXBuildFile; fileRef = 7BCB0B261BE1554200042C40 /* RecentSearchLabel.m */; };
		7BCB0B2A1BE1558100042C40 /* TrendingNowLabel.m in Sources */ = {isa = PBXBuildFile; fileRef = 7BCB0B291BE1558100042C40 /* TrendingNowLabel.m */; };
		7BCB0B2E1BE15E9600042C40 /* GenericDAO.m in Sources */ = {isa = PBXBuildFile; fileRef = 7BCB0B2D1BE15E9600042C40 /* GenericDAO.m */; };
		7BCB0B311BE15F0200042C40 /* SearchDAO.m in Sources */ = {isa = PBXBuildFile; fileRef = 7BCB0B301BE15F0200042C40 /* SearchDAO.m */; };
		7BCB0B341BE1615D00042C40 /* TrendingDAO.m in Sources */ = {isa = PBXBuildFile; fileRef = 7BCB0B331BE1615D00042C40 /* TrendingDAO.m */; };
		7BCB0B381BE17A0200042C40 /* CATransformLayer+Helper.m in Sources */ = {isa = PBXBuildFile; fileRef = 7BCB0B371BE17A0200042C40 /* CATransformLayer+Helper.m */; };
		7BCB0B3B1BE17A4700042C40 /* GenericViewController.m in Sources */ = {isa = PBXBuildFile; fileRef = 7BCB0B3A1BE17A4700042C40 /* GenericViewController.m */; };
		7BCF40911BE29D3D002A3D28 /* TopSearchBarView.m in Sources */ = {isa = PBXBuildFile; fileRef = 7BCF40901BE29D3D002A3D28 /* TopSearchBarView.m */; };
		7BD3E91E1BE2F74100473577 /* Routes.m in Sources */ = {isa = PBXBuildFile; fileRef = 7BD3E91D1BE2F74100473577 /* Routes.m */; };
		D810101C75294A4BB982D318 /* libPods.a in Frameworks */ = {isa = PBXBuildFile; fileRef = ACF94AA5AC83264BC15F7FC2 /* libPods.a */; };
/* End PBXBuildFile section */

/* Begin PBXContainerItemProxy section */
		7BC0C23F1BDD583600CE2540 /* PBXContainerItemProxy */ = {
			isa = PBXContainerItemProxy;
			containerPortal = 7BC0C21D1BDD583600CE2540 /* Project object */;
			proxyType = 1;
			remoteGlobalIDString = 7BC0C2241BDD583600CE2540;
			remoteInfo = SoT;
		};
		7BC0C24A1BDD583600CE2540 /* PBXContainerItemProxy */ = {
			isa = PBXContainerItemProxy;
			containerPortal = 7BC0C21D1BDD583600CE2540 /* Project object */;
			proxyType = 1;
			remoteGlobalIDString = 7BC0C2241BDD583600CE2540;
			remoteInfo = SoT;
		};
/* End PBXContainerItemProxy section */

/* Begin PBXFileReference section */
		72E38342024A0303B5408930 /* Pods.release.xcconfig */ = {isa = PBXFileReference; includeInIndex = 1; lastKnownFileType = text.xcconfig; name = Pods.release.xcconfig; path = "Pods/Target Support Files/Pods/Pods.release.xcconfig"; sourceTree = "<group>"; };
		7B38933B1BE3087B00B9CE13 /* Fabric.framework */ = {isa = PBXFileReference; lastKnownFileType = wrapper.framework; name = Fabric.framework; path = Frameworks/Fabric.framework; sourceTree = "<group>"; };
		7B38933C1BE3087B00B9CE13 /* TwitterKit.framework */ = {isa = PBXFileReference; lastKnownFileType = wrapper.framework; name = TwitterKit.framework; path = Frameworks/TwitterKit.framework; sourceTree = "<group>"; };
		7B38933F1BE308C400B9CE13 /* TwitterCore.framework */ = {isa = PBXFileReference; lastKnownFileType = wrapper.framework; name = TwitterCore.framework; path = Frameworks/TwitterCore.framework; sourceTree = "<group>"; };
		7B3893411BE30C5E00B9CE13 /* TwitterKitResources.bundle */ = {isa = PBXFileReference; lastKnownFileType = "wrapper.plug-in"; name = TwitterKitResources.bundle; path = "../../../../../Downloads/cannonball-ios-master/TwitterKit.framework/Versions/A/Resources/TwitterKitResources.bundle"; sourceTree = "<group>"; };
		7B60F6301BE40464001E3279 /* RecentSearch.h */ = {isa = PBXFileReference; fileEncoding = 4; lastKnownFileType = sourcecode.c.h; name = RecentSearch.h; path = "Service Layer/RecentSearch.h"; sourceTree = "<group>"; };
		7B60F6311BE40464001E3279 /* RecentSearch.m */ = {isa = PBXFileReference; fileEncoding = 4; lastKnownFileType = sourcecode.c.objc; name = RecentSearch.m; path = "Service Layer/RecentSearch.m"; sourceTree = "<group>"; };
		7B75C6731BE347600030F85F /* pt-BR */ = {isa = PBXFileReference; lastKnownFileType = text.plist.strings; name = "pt-BR"; path = "pt-BR.lproj/LaunchScreen.strings"; sourceTree = "<group>"; };
		7B75C6741BE347600030F85F /* pt-BR */ = {isa = PBXFileReference; lastKnownFileType = text.plist.strings; name = "pt-BR"; path = "pt-BR.lproj/Main.strings"; sourceTree = "<group>"; };
		7B75C6761BE3476A0030F85F /* Base */ = {isa = PBXFileReference; lastKnownFileType = text.plist.strings; name = Base; path = Base.lproj/Localizable.strings; sourceTree = "<group>"; };
		7B75C6791BE347700030F85F /* pt-BR */ = {isa = PBXFileReference; lastKnownFileType = text.plist.strings; name = "pt-BR"; path = "pt-BR.lproj/Localizable.strings"; sourceTree = "<group>"; };
		7B87A4541BE25C070024A45B /* ResultSearchViewController.h */ = {isa = PBXFileReference; fileEncoding = 4; lastKnownFileType = sourcecode.c.h; name = ResultSearchViewController.h; path = Controller/ResultSearchViewController.h; sourceTree = "<group>"; };
		7B87A4551BE25C070024A45B /* ResultSearchViewController.m */ = {isa = PBXFileReference; fileEncoding = 4; lastKnownFileType = sourcecode.c.objc; name = ResultSearchViewController.m; path = Controller/ResultSearchViewController.m; sourceTree = "<group>"; };
		7B87A4571BE25F140024A45B /* GenericModel.h */ = {isa = PBXFileReference; fileEncoding = 4; lastKnownFileType = sourcecode.c.h; name = GenericModel.h; path = Model/GenericModel.h; sourceTree = "<group>"; };
		7B87A4581BE25F140024A45B /* GenericModel.m */ = {isa = PBXFileReference; fileEncoding = 4; lastKnownFileType = sourcecode.c.objc; name = GenericModel.m; path = Model/GenericModel.m; sourceTree = "<group>"; };
		7B87A45A1BE25F2D0024A45B /* TweetModel.h */ = {isa = PBXFileReference; fileEncoding = 4; lastKnownFileType = sourcecode.c.h; name = TweetModel.h; path = Model/TweetModel.h; sourceTree = "<group>"; };
		7B87A45B1BE25F2D0024A45B /* TweetModel.m */ = {isa = PBXFileReference; fileEncoding = 4; lastKnownFileType = sourcecode.c.objc; name = TweetModel.m; path = Model/TweetModel.m; sourceTree = "<group>"; };
		7B87A45E1BE2601D0024A45B /* GenericTableViewCell.h */ = {isa = PBXFileReference; fileEncoding = 4; lastKnownFileType = sourcecode.c.h; name = GenericTableViewCell.h; path = "Custom UI Components/UITableViewCell/GenericTableViewCell.h"; sourceTree = "<group>"; };
		7B87A45F1BE2601D0024A45B /* GenericTableViewCell.m */ = {isa = PBXFileReference; fileEncoding = 4; lastKnownFileType = sourcecode.c.objc; name = GenericTableViewCell.m; path = "Custom UI Components/UITableViewCell/GenericTableViewCell.m"; sourceTree = "<group>"; };
		7B87A4611BE261270024A45B /* TweetCell.h */ = {isa = PBXFileReference; fileEncoding = 4; lastKnownFileType = sourcecode.c.h; name = TweetCell.h; path = "Custom UI Components/UITableViewCell/TweetCell.h"; sourceTree = "<group>"; };
		7B87A4621BE261270024A45B /* TweetCell.m */ = {isa = PBXFileReference; fileEncoding = 4; lastKnownFileType = sourcecode.c.objc; name = TweetCell.m; path = "Custom UI Components/UITableViewCell/TweetCell.m"; sourceTree = "<group>"; };
		7B87A4681BE263850024A45B /* TweetCell.xib */ = {isa = PBXFileReference; fileEncoding = 4; lastKnownFileType = file.xib; name = TweetCell.xib; path = "Custom UI Components/UITableViewCell/TweetCell.xib"; sourceTree = "<group>"; };
		7B87A46D1BE268CE0024A45B /* UITableView+Helper.h */ = {isa = PBXFileReference; fileEncoding = 4; lastKnownFileType = sourcecode.c.h; name = "UITableView+Helper.h"; path = "Custom UI Components/UITableView/Categories/UITableView+Helper.h"; sourceTree = "<group>"; };
		7B87A46E1BE268CE0024A45B /* UITableView+Helper.m */ = {isa = PBXFileReference; fileEncoding = 4; lastKnownFileType = sourcecode.c.objc; name = "UITableView+Helper.m"; path = "Custom UI Components/UITableView/Categories/UITableView+Helper.m"; sourceTree = "<group>"; };
		7B87A4701BE27E280024A45B /* CellHelper.h */ = {isa = PBXFileReference; fileEncoding = 4; lastKnownFileType = sourcecode.c.h; name = CellHelper.h; path = "Service Layer/CellHelper.h"; sourceTree = "<group>"; };
		7B87A4711BE27E280024A45B /* CellHelper.m */ = {isa = PBXFileReference; fileEncoding = 4; lastKnownFileType = sourcecode.c.objc; name = CellHelper.m; path = "Service Layer/CellHelper.m"; sourceTree = "<group>"; };
		7B87A4781BE286F70024A45B /* CellLabel.h */ = {isa = PBXFileReference; fileEncoding = 4; lastKnownFileType = sourcecode.c.h; name = CellLabel.h; path = "Custom UI Components/UILabel/CellLabel.h"; sourceTree = "<group>"; };
		7B87A4791BE286F70024A45B /* CellLabel.m */ = {isa = PBXFileReference; fileEncoding = 4; lastKnownFileType = sourcecode.c.objc; name = CellLabel.m; path = "Custom UI Components/UILabel/CellLabel.m"; sourceTree = "<group>"; };
		7B9CD3A71BE313730024434D /* TrendingModel.h */ = {isa = PBXFileReference; fileEncoding = 4; lastKnownFileType = sourcecode.c.h; name = TrendingModel.h; path = Model/TrendingModel.h; sourceTree = "<group>"; };
		7B9CD3A81BE313730024434D /* TrendingModel.m */ = {isa = PBXFileReference; fileEncoding = 4; lastKnownFileType = sourcecode.c.objc; name = TrendingModel.m; path = Model/TrendingModel.m; sourceTree = "<group>"; };
		7B9CD3AA1BE31C010024434D /* Validator.h */ = {isa = PBXFileReference; fileEncoding = 4; lastKnownFileType = sourcecode.c.h; name = Validator.h; path = "Service Layer/Validator.h"; sourceTree = "<group>"; };
		7B9CD3AB1BE31C010024434D /* Validator.m */ = {isa = PBXFileReference; fileEncoding = 4; lastKnownFileType = sourcecode.c.objc; name = Validator.m; path = "Service Layer/Validator.m"; sourceTree = "<group>"; };
		7B9CD3AD1BE332B40024434D /* ImageDAO.h */ = {isa = PBXFileReference; fileEncoding = 4; lastKnownFileType = sourcecode.c.h; name = ImageDAO.h; path = DAO/ImageDAO.h; sourceTree = "<group>"; };
		7B9CD3AE1BE332B40024434D /* ImageDAO.m */ = {isa = PBXFileReference; fileEncoding = 4; lastKnownFileType = sourcecode.c.objc; name = ImageDAO.m; path = DAO/ImageDAO.m; sourceTree = "<group>"; };
		7BC0C2251BDD583600CE2540 /* SoT.app */ = {isa = PBXFileReference; explicitFileType = wrapper.application; includeInIndex = 0; path = SoT.app; sourceTree = BUILT_PRODUCTS_DIR; };
		7BC0C2291BDD583600CE2540 /* main.m */ = {isa = PBXFileReference; lastKnownFileType = sourcecode.c.objc; path = main.m; sourceTree = "<group>"; };
		7BC0C2321BDD583600CE2540 /* Base */ = {isa = PBXFileReference; lastKnownFileType = file.storyboard; name = Base; path = Base.lproj/Main.storyboard; sourceTree = "<group>"; };
		7BC0C2341BDD583600CE2540 /* Assets.xcassets */ = {isa = PBXFileReference; lastKnownFileType = folder.assetcatalog; path = Assets.xcassets; sourceTree = "<group>"; };
		7BC0C2371BDD583600CE2540 /* Base */ = {isa = PBXFileReference; lastKnownFileType = file.storyboard; name = Base; path = Base.lproj/LaunchScreen.storyboard; sourceTree = "<group>"; };
		7BC0C2391BDD583600CE2540 /* Info.plist */ = {isa = PBXFileReference; lastKnownFileType = text.plist.xml; path = Info.plist; sourceTree = "<group>"; };
		7BC0C23E1BDD583600CE2540 /* SoTTests.xctest */ = {isa = PBXFileReference; explicitFileType = wrapper.cfbundle; includeInIndex = 0; path = SoTTests.xctest; sourceTree = BUILT_PRODUCTS_DIR; };
		7BC0C2421BDD583600CE2540 /* SoTTests.m */ = {isa = PBXFileReference; lastKnownFileType = sourcecode.c.objc; path = SoTTests.m; sourceTree = "<group>"; };
		7BC0C2441BDD583600CE2540 /* Info.plist */ = {isa = PBXFileReference; lastKnownFileType = text.plist.xml; path = Info.plist; sourceTree = "<group>"; };
		7BC0C2491BDD583600CE2540 /* SoTUITests.xctest */ = {isa = PBXFileReference; explicitFileType = wrapper.cfbundle; includeInIndex = 0; path = SoTUITests.xctest; sourceTree = BUILT_PRODUCTS_DIR; };
		7BC0C24D1BDD583600CE2540 /* SoTUITests.m */ = {isa = PBXFileReference; lastKnownFileType = sourcecode.c.objc; path = SoTUITests.m; sourceTree = "<group>"; };
		7BC0C24F1BDD583600CE2540 /* Info.plist */ = {isa = PBXFileReference; lastKnownFileType = text.plist.xml; path = Info.plist; sourceTree = "<group>"; };
		7BCB0AEC1BE13B7E00042C40 /* RecentSearchButton.h */ = {isa = PBXFileReference; fileEncoding = 4; lastKnownFileType = sourcecode.c.h; name = RecentSearchButton.h; path = "Custom UI Components/UIButton/RecentSearchButton.h"; sourceTree = "<group>"; };
		7BCB0AED1BE13B7E00042C40 /* RecentSearchButton.m */ = {isa = PBXFileReference; fileEncoding = 4; lastKnownFileType = sourcecode.c.objc; name = RecentSearchButton.m; path = "Custom UI Components/UIButton/RecentSearchButton.m"; sourceTree = "<group>"; };
		7BCB0AEF1BE13B9100042C40 /* GenericButton.h */ = {isa = PBXFileReference; fileEncoding = 4; lastKnownFileType = sourcecode.c.h; name = GenericButton.h; path = "Custom UI Components/UIButton/GenericButton.h"; sourceTree = "<group>"; };
		7BCB0AF01BE13B9100042C40 /* GenericButton.m */ = {isa = PBXFileReference; fileEncoding = 4; lastKnownFileType = sourcecode.c.objc; name = GenericButton.m; path = "Custom UI Components/UIButton/GenericButton.m"; sourceTree = "<group>"; };
		7BCB0AF21BE13BBB00042C40 /* TrendingNowButton.h */ = {isa = PBXFileReference; fileEncoding = 4; lastKnownFileType = sourcecode.c.h; name = TrendingNowButton.h; path = "Custom UI Components/UIButton/TrendingNowButton.h"; sourceTree = "<group>"; };
		7BCB0AF31BE13BBB00042C40 /* TrendingNowButton.m */ = {isa = PBXFileReference; fileEncoding = 4; lastKnownFileType = sourcecode.c.objc; name = TrendingNowButton.m; path = "Custom UI Components/UIButton/TrendingNowButton.m"; sourceTree = "<group>"; };
		7BCB0AF51BE13D6000042C40 /* HomeViewController.h */ = {isa = PBXFileReference; fileEncoding = 4; lastKnownFileType = sourcecode.c.h; name = HomeViewController.h; path = Controller/HomeViewController.h; sourceTree = "<group>"; };
		7BCB0AF61BE13D6000042C40 /* HomeViewController.m */ = {isa = PBXFileReference; fileEncoding = 4; lastKnownFileType = sourcecode.c.objc; name = HomeViewController.m; path = Controller/HomeViewController.m; sourceTree = "<group>"; };
		7BCB0AF81BE13D8B00042C40 /* AppDelegate.h */ = {isa = PBXFileReference; fileEncoding = 4; lastKnownFileType = sourcecode.c.h; name = AppDelegate.h; path = AppDelegate/AppDelegate.h; sourceTree = "<group>"; };
		7BCB0AF91BE13D8B00042C40 /* AppDelegate.m */ = {isa = PBXFileReference; fileEncoding = 4; lastKnownFileType = sourcecode.c.objc; name = AppDelegate.m; path = AppDelegate/AppDelegate.m; sourceTree = "<group>"; };
		7BCB0AFC1BE13FCB00042C40 /* Constants.h */ = {isa = PBXFileReference; fileEncoding = 4; lastKnownFileType = sourcecode.c.h; name = Constants.h; path = "Service Layer/Constants.h"; sourceTree = "<group>"; };
		7BCB0AFD1BE13FCB00042C40 /* Constants.m */ = {isa = PBXFileReference; fileEncoding = 4; lastKnownFileType = sourcecode.c.objc; name = Constants.m; path = "Service Layer/Constants.m"; sourceTree = "<group>"; };
		7BCB0AFF1BE13FE100042C40 /* DeviceInfo.h */ = {isa = PBXFileReference; fileEncoding = 4; lastKnownFileType = sourcecode.c.h; name = DeviceInfo.h; path = "Service Layer/DeviceInfo.h"; sourceTree = "<group>"; };
		7BCB0B001BE13FE100042C40 /* DeviceInfo.m */ = {isa = PBXFileReference; fileEncoding = 4; lastKnownFileType = sourcecode.c.objc; name = DeviceInfo.m; path = "Service Layer/DeviceInfo.m"; sourceTree = "<group>"; };
		7BCB0B041BE1479400042C40 /* UIView+Helper.h */ = {isa = PBXFileReference; fileEncoding = 4; lastKnownFileType = sourcecode.c.h; name = "UIView+Helper.h"; path = "Custom UI Components/UIView/Categories/UIView+Helper.h"; sourceTree = "<group>"; };
		7BCB0B051BE1479400042C40 /* UIView+Helper.m */ = {isa = PBXFileReference; fileEncoding = 4; lastKnownFileType = sourcecode.c.objc; name = "UIView+Helper.m"; path = "Custom UI Components/UIView/Categories/UIView+Helper.m"; sourceTree = "<group>"; };
		7BCB0B071BE14ACC00042C40 /* GenericView.h */ = {isa = PBXFileReference; fileEncoding = 4; lastKnownFileType = sourcecode.c.h; name = GenericView.h; path = "Custom UI Components/UIView/GenericView.h"; sourceTree = "<group>"; };
		7BCB0B081BE14ACC00042C40 /* GenericView.m */ = {isa = PBXFileReference; fileEncoding = 4; lastKnownFileType = sourcecode.c.objc; name = GenericView.m; path = "Custom UI Components/UIView/GenericView.m"; sourceTree = "<group>"; };
		7BCB0B0A1BE14B1C00042C40 /* LineView.h */ = {isa = PBXFileReference; fileEncoding = 4; lastKnownFileType = sourcecode.c.h; name = LineView.h; path = "Custom UI Components/UIView/LineView.h"; sourceTree = "<group>"; };
		7BCB0B0B1BE14B1C00042C40 /* LineView.m */ = {isa = PBXFileReference; fileEncoding = 4; lastKnownFileType = sourcecode.c.objc; name = LineView.m; path = "Custom UI Components/UIView/LineView.m"; sourceTree = "<group>"; };
		7BCB0B0E1BE14D1800042C40 /* GenericImageView.h */ = {isa = PBXFileReference; fileEncoding = 4; lastKnownFileType = sourcecode.c.h; name = GenericImageView.h; path = "Custom UI Components/UIImageView/GenericImageView.h"; sourceTree = "<group>"; };
		7BCB0B0F1BE14D1800042C40 /* GenericImageView.m */ = {isa = PBXFileReference; fileEncoding = 4; lastKnownFileType = sourcecode.c.objc; name = GenericImageView.m; path = "Custom UI Components/UIImageView/GenericImageView.m"; sourceTree = "<group>"; };
		7BCB0B111BE14D4C00042C40 /* SearchImageView.h */ = {isa = PBXFileReference; fileEncoding = 4; lastKnownFileType = sourcecode.c.h; name = SearchImageView.h; path = "Custom UI Components/UIImageView/SearchImageView.h"; sourceTree = "<group>"; };
		7BCB0B121BE14D4C00042C40 /* SearchImageView.m */ = {isa = PBXFileReference; fileEncoding = 4; lastKnownFileType = sourcecode.c.objc; name = SearchImageView.m; path = "Custom UI Components/UIImageView/SearchImageView.m"; sourceTree = "<group>"; };
		7BCB0B141BE14E8B00042C40 /* TwitterImageView.h */ = {isa = PBXFileReference; fileEncoding = 4; lastKnownFileType = sourcecode.c.h; name = TwitterImageView.h; path = "Custom UI Components/UIImageView/TwitterImageView.h"; sourceTree = "<group>"; };
		7BCB0B151BE14E8B00042C40 /* TwitterImageView.m */ = {isa = PBXFileReference; fileEncoding = 4; lastKnownFileType = sourcecode.c.objc; name = TwitterImageView.m; path = "Custom UI Components/UIImageView/TwitterImageView.m"; sourceTree = "<group>"; };
		7BCB0B171BE1506800042C40 /* GenericTextField.h */ = {isa = PBXFileReference; fileEncoding = 4; lastKnownFileType = sourcecode.c.h; name = GenericTextField.h; path = "Custom UI Components/UITextField/GenericTextField.h"; sourceTree = "<group>"; };
		7BCB0B181BE1506800042C40 /* GenericTextField.m */ = {isa = PBXFileReference; fileEncoding = 4; lastKnownFileType = sourcecode.c.objc; name = GenericTextField.m; path = "Custom UI Components/UITextField/GenericTextField.m"; sourceTree = "<group>"; };
		7BCB0B1B1BE1509B00042C40 /* SearchTextField.h */ = {isa = PBXFileReference; fileEncoding = 4; lastKnownFileType = sourcecode.c.h; name = SearchTextField.h; path = "Custom UI Components/UITextField/SearchTextField.h"; sourceTree = "<group>"; };
		7BCB0B1C1BE1509B00042C40 /* SearchTextField.m */ = {isa = PBXFileReference; fileEncoding = 4; lastKnownFileType = sourcecode.c.objc; name = SearchTextField.m; path = "Custom UI Components/UITextField/SearchTextField.m"; sourceTree = "<group>"; };
		7BCB0B1E1BE151DD00042C40 /* SearchBackgroundView.h */ = {isa = PBXFileReference; fileEncoding = 4; lastKnownFileType = sourcecode.c.h; name = SearchBackgroundView.h; path = "Custom UI Components/UIView/SearchBackgroundView.h"; sourceTree = "<group>"; };
		7BCB0B1F1BE151DD00042C40 /* SearchBackgroundView.m */ = {isa = PBXFileReference; fileEncoding = 4; lastKnownFileType = sourcecode.c.objc; name = SearchBackgroundView.m; path = "Custom UI Components/UIView/SearchBackgroundView.m"; sourceTree = "<group>"; };
		7BCB0B221BE1540800042C40 /* GenericLabel.h */ = {isa = PBXFileReference; fileEncoding = 4; lastKnownFileType = sourcecode.c.h; name = GenericLabel.h; path = "Custom UI Components/UILabel/GenericLabel.h"; sourceTree = "<group>"; };
		7BCB0B231BE1540800042C40 /* GenericLabel.m */ = {isa = PBXFileReference; fileEncoding = 4; lastKnownFileType = sourcecode.c.objc; name = GenericLabel.m; path = "Custom UI Components/UILabel/GenericLabel.m"; sourceTree = "<group>"; };
		7BCB0B251BE1554200042C40 /* RecentSearchLabel.h */ = {isa = PBXFileReference; fileEncoding = 4; lastKnownFileType = sourcecode.c.h; name = RecentSearchLabel.h; path = "Custom UI Components/UILabel/RecentSearchLabel.h"; sourceTree = "<group>"; };
		7BCB0B261BE1554200042C40 /* RecentSearchLabel.m */ = {isa = PBXFileReference; fileEncoding = 4; lastKnownFileType = sourcecode.c.objc; name = RecentSearchLabel.m; path = "Custom UI Components/UILabel/RecentSearchLabel.m"; sourceTree = "<group>"; };
		7BCB0B281BE1558100042C40 /* TrendingNowLabel.h */ = {isa = PBXFileReference; fileEncoding = 4; lastKnownFileType = sourcecode.c.h; name = TrendingNowLabel.h; path = "Custom UI Components/UILabel/TrendingNowLabel.h"; sourceTree = "<group>"; };
		7BCB0B291BE1558100042C40 /* TrendingNowLabel.m */ = {isa = PBXFileReference; fileEncoding = 4; lastKnownFileType = sourcecode.c.objc; name = TrendingNowLabel.m; path = "Custom UI Components/UILabel/TrendingNowLabel.m"; sourceTree = "<group>"; };
		7BCB0B2C1BE15E9600042C40 /* GenericDAO.h */ = {isa = PBXFileReference; fileEncoding = 4; lastKnownFileType = sourcecode.c.h; name = GenericDAO.h; path = DAO/GenericDAO.h; sourceTree = "<group>"; };
		7BCB0B2D1BE15E9600042C40 /* GenericDAO.m */ = {isa = PBXFileReference; fileEncoding = 4; lastKnownFileType = sourcecode.c.objc; name = GenericDAO.m; path = DAO/GenericDAO.m; sourceTree = "<group>"; };
		7BCB0B2F1BE15F0200042C40 /* SearchDAO.h */ = {isa = PBXFileReference; fileEncoding = 4; lastKnownFileType = sourcecode.c.h; name = SearchDAO.h; path = DAO/SearchDAO.h; sourceTree = "<group>"; };
		7BCB0B301BE15F0200042C40 /* SearchDAO.m */ = {isa = PBXFileReference; fileEncoding = 4; lastKnownFileType = sourcecode.c.objc; name = SearchDAO.m; path = DAO/SearchDAO.m; sourceTree = "<group>"; };
		7BCB0B321BE1615D00042C40 /* TrendingDAO.h */ = {isa = PBXFileReference; fileEncoding = 4; lastKnownFileType = sourcecode.c.h; name = TrendingDAO.h; path = DAO/TrendingDAO.h; sourceTree = "<group>"; };
		7BCB0B331BE1615D00042C40 /* TrendingDAO.m */ = {isa = PBXFileReference; fileEncoding = 4; lastKnownFileType = sourcecode.c.objc; name = TrendingDAO.m; path = DAO/TrendingDAO.m; sourceTree = "<group>"; };
		7BCB0B361BE17A0200042C40 /* CATransformLayer+Helper.h */ = {isa = PBXFileReference; fileEncoding = 4; lastKnownFileType = sourcecode.c.h; name = "CATransformLayer+Helper.h"; path = "Custom UI Components/CATransformLayer/CATransformLayer+Helper.h"; sourceTree = "<group>"; };
		7BCB0B371BE17A0200042C40 /* CATransformLayer+Helper.m */ = {isa = PBXFileReference; fileEncoding = 4; lastKnownFileType = sourcecode.c.objc; name = "CATransformLayer+Helper.m"; path = "Custom UI Components/CATransformLayer/CATransformLayer+Helper.m"; sourceTree = "<group>"; };
		7BCB0B391BE17A4700042C40 /* GenericViewController.h */ = {isa = PBXFileReference; fileEncoding = 4; lastKnownFileType = sourcecode.c.h; name = GenericViewController.h; path = Controller/GenericViewController.h; sourceTree = "<group>"; };
		7BCB0B3A1BE17A4700042C40 /* GenericViewController.m */ = {isa = PBXFileReference; fileEncoding = 4; lastKnownFileType = sourcecode.c.objc; name = GenericViewController.m; path = Controller/GenericViewController.m; sourceTree = "<group>"; };
		7BCF408F1BE29D3D002A3D28 /* TopSearchBarView.h */ = {isa = PBXFileReference; fileEncoding = 4; lastKnownFileType = sourcecode.c.h; name = TopSearchBarView.h; path = "Custom UI Components/UIView/TopSearchBarView.h"; sourceTree = "<group>"; };
		7BCF40901BE29D3D002A3D28 /* TopSearchBarView.m */ = {isa = PBXFileReference; fileEncoding = 4; lastKnownFileType = sourcecode.c.objc; name = TopSearchBarView.m; path = "Custom UI Components/UIView/TopSearchBarView.m"; sourceTree = "<group>"; };
		7BD3E91C1BE2F74100473577 /* Routes.h */ = {isa = PBXFileReference; fileEncoding = 4; lastKnownFileType = sourcecode.c.h; name = Routes.h; path = "Service Layer/Routes.h"; sourceTree = "<group>"; };
		7BD3E91D1BE2F74100473577 /* Routes.m */ = {isa = PBXFileReference; fileEncoding = 4; lastKnownFileType = sourcecode.c.objc; name = Routes.m; path = "Service Layer/Routes.m"; sourceTree = "<group>"; };
		84D3552E76C1074C58559FE6 /* Pods.debug.xcconfig */ = {isa = PBXFileReference; includeInIndex = 1; lastKnownFileType = text.xcconfig; name = Pods.debug.xcconfig; path = "Pods/Target Support Files/Pods/Pods.debug.xcconfig"; sourceTree = "<group>"; };
		ACF94AA5AC83264BC15F7FC2 /* libPods.a */ = {isa = PBXFileReference; explicitFileType = archive.ar; includeInIndex = 0; path = libPods.a; sourceTree = BUILT_PRODUCTS_DIR; };
/* End PBXFileReference section */

/* Begin PBXFrameworksBuildPhase section */
		7BC0C2221BDD583600CE2540 /* Frameworks */ = {
			isa = PBXFrameworksBuildPhase;
			buildActionMask = 2147483647;
			files = (
				D810101C75294A4BB982D318 /* libPods.a in Frameworks */,
				7B3893401BE308C400B9CE13 /* TwitterCore.framework in Frameworks */,
				7B38933D1BE3087B00B9CE13 /* Fabric.framework in Frameworks */,
				7B38933E1BE3087B00B9CE13 /* TwitterKit.framework in Frameworks */,
			);
			runOnlyForDeploymentPostprocessing = 0;
		};
		7BC0C23B1BDD583600CE2540 /* Frameworks */ = {
			isa = PBXFrameworksBuildPhase;
			buildActionMask = 2147483647;
			files = (
			);
			runOnlyForDeploymentPostprocessing = 0;
		};
		7BC0C2461BDD583600CE2540 /* Frameworks */ = {
			isa = PBXFrameworksBuildPhase;
			buildActionMask = 2147483647;
			files = (
			);
			runOnlyForDeploymentPostprocessing = 0;
		};
/* End PBXFrameworksBuildPhase section */

/* Begin PBXGroup section */
		1A7D7EC88C9F2C4DDDB7C48D /* Frameworks */ = {
			isa = PBXGroup;
			children = (
				7B3893411BE30C5E00B9CE13 /* TwitterKitResources.bundle */,
				7B38933B1BE3087B00B9CE13 /* Fabric.framework */,
				ACF94AA5AC83264BC15F7FC2 /* libPods.a */,
				7B38933F1BE308C400B9CE13 /* TwitterCore.framework */,
				7B38933C1BE3087B00B9CE13 /* TwitterKit.framework */,
			);
			name = Frameworks;
			sourceTree = "<group>";
		};
		453700B89FABB4BBE12E52C7 /* Pods */ = {
			isa = PBXGroup;
			children = (
				84D3552E76C1074C58559FE6 /* Pods.debug.xcconfig */,
				72E38342024A0303B5408930 /* Pods.release.xcconfig */,
			);
			name = Pods;
			sourceTree = "<group>";
		};
		7B75C6701BE345EC0030F85F /* Internationalization */ = {
			isa = PBXGroup;
			children = (
				7B75C6771BE3476A0030F85F /* Localizable.strings */,
			);
			name = Internationalization;
			sourceTree = "<group>";
		};
		7B87A45D1BE25FEE0024A45B /* UITableViewCell */ = {
			isa = PBXGroup;
			children = (
				7B87A45E1BE2601D0024A45B /* GenericTableViewCell.h */,
				7B87A45F1BE2601D0024A45B /* GenericTableViewCell.m */,
				7B87A4611BE261270024A45B /* TweetCell.h */,
				7B87A4621BE261270024A45B /* TweetCell.m */,
				7B87A4681BE263850024A45B /* TweetCell.xib */,
			);
			name = UITableViewCell;
			sourceTree = "<group>";
		};
		7B87A46B1BE268A20024A45B /* UITableView */ = {
			isa = PBXGroup;
			children = (
				7B87A46C1BE268AB0024A45B /* Categories */,
			);
			name = UITableView;
			sourceTree = "<group>";
		};
		7B87A46C1BE268AB0024A45B /* Categories */ = {
			isa = PBXGroup;
			children = (
				7B87A46D1BE268CE0024A45B /* UITableView+Helper.h */,
				7B87A46E1BE268CE0024A45B /* UITableView+Helper.m */,
			);
			name = Categories;
			sourceTree = "<group>";
		};
		7BC0C21C1BDD583600CE2540 = {
			isa = PBXGroup;
			children = (
				7BC0C2271BDD583600CE2540 /* SoT */,
				7BC0C2411BDD583600CE2540 /* SoTTests */,
				7BC0C24C1BDD583600CE2540 /* SoTUITests */,
				7BC0C2261BDD583600CE2540 /* Products */,
				453700B89FABB4BBE12E52C7 /* Pods */,
				1A7D7EC88C9F2C4DDDB7C48D /* Frameworks */,
			);
			sourceTree = "<group>";
		};
		7BC0C2261BDD583600CE2540 /* Products */ = {
			isa = PBXGroup;
			children = (
				7BC0C2251BDD583600CE2540 /* SoT.app */,
				7BC0C23E1BDD583600CE2540 /* SoTTests.xctest */,
				7BC0C2491BDD583600CE2540 /* SoTUITests.xctest */,
			);
			name = Products;
			sourceTree = "<group>";
		};
		7BC0C2271BDD583600CE2540 /* SoT */ = {
			isa = PBXGroup;
			children = (
				7BCB0AE51BE13A8200042C40 /* AppDelegate */,
				7BCB0AE61BE13A9600042C40 /* Assets */,
				7BCB0AE21BE13A6500042C40 /* Controller */,
				7BCB0AE71BE13AE900042C40 /* Custom UI Components */,
				7BCB0B2B1BE15E8500042C40 /* DAO */,
				7B75C6701BE345EC0030F85F /* Internationalization */,
				7BCB0AE31BE13A7000042C40 /* Model */,
				7BCB0AFB1BE13FAB00042C40 /* Service Layer */,
				7BC0C2281BDD583600CE2540 /* Supporting Files */,
				7BCB0AE41BE13A7600042C40 /* View */,
			);
			path = SoT;
			sourceTree = "<group>";
		};
		7BC0C2281BDD583600CE2540 /* Supporting Files */ = {
			isa = PBXGroup;
			children = (
				7BC0C2391BDD583600CE2540 /* Info.plist */,
				7BC0C2291BDD583600CE2540 /* main.m */,
			);
			name = "Supporting Files";
			sourceTree = "<group>";
		};
		7BC0C2411BDD583600CE2540 /* SoTTests */ = {
			isa = PBXGroup;
			children = (
				7BC0C2421BDD583600CE2540 /* SoTTests.m */,
				7BC0C2441BDD583600CE2540 /* Info.plist */,
			);
			path = SoTTests;
			sourceTree = "<group>";
		};
		7BC0C24C1BDD583600CE2540 /* SoTUITests */ = {
			isa = PBXGroup;
			children = (
				7BC0C24D1BDD583600CE2540 /* SoTUITests.m */,
				7BC0C24F1BDD583600CE2540 /* Info.plist */,
			);
			path = SoTUITests;
			sourceTree = "<group>";
		};
		7BCB0AE21BE13A6500042C40 /* Controller */ = {
			isa = PBXGroup;
			children = (
				7BCB0B391BE17A4700042C40 /* GenericViewController.h */,
				7BCB0B3A1BE17A4700042C40 /* GenericViewController.m */,
				7BCB0AF51BE13D6000042C40 /* HomeViewController.h */,
				7BCB0AF61BE13D6000042C40 /* HomeViewController.m */,
				7B87A4541BE25C070024A45B /* ResultSearchViewController.h */,
				7B87A4551BE25C070024A45B /* ResultSearchViewController.m */,
			);
			name = Controller;
			sourceTree = "<group>";
		};
		7BCB0AE31BE13A7000042C40 /* Model */ = {
			isa = PBXGroup;
			children = (
				7B87A4571BE25F140024A45B /* GenericModel.h */,
				7B87A4581BE25F140024A45B /* GenericModel.m */,
				7B87A45A1BE25F2D0024A45B /* TweetModel.h */,
				7B87A45B1BE25F2D0024A45B /* TweetModel.m */,
				7B9CD3A71BE313730024434D /* TrendingModel.h */,
				7B9CD3A81BE313730024434D /* TrendingModel.m */,
			);
			name = Model;
			sourceTree = "<group>";
		};
		7BCB0AE41BE13A7600042C40 /* View */ = {
			isa = PBXGroup;
			children = (
				7BC0C2361BDD583600CE2540 /* LaunchScreen.storyboard */,
				7BC0C2311BDD583600CE2540 /* Main.storyboard */,
			);
			name = View;
			sourceTree = "<group>";
		};
		7BCB0AE51BE13A8200042C40 /* AppDelegate */ = {
			isa = PBXGroup;
			children = (
				7BCB0AF81BE13D8B00042C40 /* AppDelegate.h */,
				7BCB0AF91BE13D8B00042C40 /* AppDelegate.m */,
			);
			name = AppDelegate;
			sourceTree = "<group>";
		};
		7BCB0AE61BE13A9600042C40 /* Assets */ = {
			isa = PBXGroup;
			children = (
				7BC0C2341BDD583600CE2540 /* Assets.xcassets */,
			);
			name = Assets;
			sourceTree = "<group>";
		};
		7BCB0AE71BE13AE900042C40 /* Custom UI Components */ = {
			isa = PBXGroup;
			children = (
				7BCB0B351BE179C700042C40 /* CATransformLayer */,
				7BCB0AE81BE13AF300042C40 /* UIButton */,
				7BCB0B0D1BE14CF700042C40 /* UIImageView */,
				7BCB0B211BE153EC00042C40 /* UILabel */,
				7B87A46B1BE268A20024A45B /* UITableView */,
				7B87A45D1BE25FEE0024A45B /* UITableViewCell */,
				7BCB0B1A1BE1506D00042C40 /* UITextField */,
				7BCB0B021BE1475F00042C40 /* UIView */,
			);
			name = "Custom UI Components";
			sourceTree = "<group>";
		};
		7BCB0AE81BE13AF300042C40 /* UIButton */ = {
			isa = PBXGroup;
			children = (
				7BCB0AEF1BE13B9100042C40 /* GenericButton.h */,
				7BCB0AF01BE13B9100042C40 /* GenericButton.m */,
				7BCB0AEC1BE13B7E00042C40 /* RecentSearchButton.h */,
				7BCB0AED1BE13B7E00042C40 /* RecentSearchButton.m */,
				7BCB0AF21BE13BBB00042C40 /* TrendingNowButton.h */,
				7BCB0AF31BE13BBB00042C40 /* TrendingNowButton.m */,
			);
			name = UIButton;
			sourceTree = "<group>";
		};
		7BCB0AFB1BE13FAB00042C40 /* Service Layer */ = {
			isa = PBXGroup;
			children = (
				7B87A4701BE27E280024A45B /* CellHelper.h */,
				7B87A4711BE27E280024A45B /* CellHelper.m */,
				7BCB0AFC1BE13FCB00042C40 /* Constants.h */,
				7BCB0AFD1BE13FCB00042C40 /* Constants.m */,
				7BCB0AFF1BE13FE100042C40 /* DeviceInfo.h */,
				7BCB0B001BE13FE100042C40 /* DeviceInfo.m */,
				7B60F6301BE40464001E3279 /* RecentSearch.h */,
				7B60F6311BE40464001E3279 /* RecentSearch.m */,
				7BD3E91C1BE2F74100473577 /* Routes.h */,
				7BD3E91D1BE2F74100473577 /* Routes.m */,
				7B9CD3AA1BE31C010024434D /* Validator.h */,
				7B9CD3AB1BE31C010024434D /* Validator.m */,
			);
			name = "Service Layer";
			sourceTree = "<group>";
		};
		7BCB0B021BE1475F00042C40 /* UIView */ = {
			isa = PBXGroup;
			children = (
				7BCB0B031BE1476800042C40 /* Categories */,
				7BCB0B071BE14ACC00042C40 /* GenericView.h */,
				7BCB0B081BE14ACC00042C40 /* GenericView.m */,
				7BCB0B0A1BE14B1C00042C40 /* LineView.h */,
				7BCB0B0B1BE14B1C00042C40 /* LineView.m */,
				7BCB0B1E1BE151DD00042C40 /* SearchBackgroundView.h */,
				7BCB0B1F1BE151DD00042C40 /* SearchBackgroundView.m */,
				7BCF408F1BE29D3D002A3D28 /* TopSearchBarView.h */,
				7BCF40901BE29D3D002A3D28 /* TopSearchBarView.m */,
			);
			name = UIView;
			sourceTree = "<group>";
		};
		7BCB0B031BE1476800042C40 /* Categories */ = {
			isa = PBXGroup;
			children = (
				7BCB0B041BE1479400042C40 /* UIView+Helper.h */,
				7BCB0B051BE1479400042C40 /* UIView+Helper.m */,
			);
			name = Categories;
			sourceTree = "<group>";
		};
		7BCB0B0D1BE14CF700042C40 /* UIImageView */ = {
			isa = PBXGroup;
			children = (
				7BCB0B0E1BE14D1800042C40 /* GenericImageView.h */,
				7BCB0B0F1BE14D1800042C40 /* GenericImageView.m */,
				7BCB0B111BE14D4C00042C40 /* SearchImageView.h */,
				7BCB0B121BE14D4C00042C40 /* SearchImageView.m */,
				7BCB0B141BE14E8B00042C40 /* TwitterImageView.h */,
				7BCB0B151BE14E8B00042C40 /* TwitterImageView.m */,
			);
			name = UIImageView;
			sourceTree = "<group>";
		};
		7BCB0B1A1BE1506D00042C40 /* UITextField */ = {
			isa = PBXGroup;
			children = (
				7BCB0B171BE1506800042C40 /* GenericTextField.h */,
				7BCB0B181BE1506800042C40 /* GenericTextField.m */,
				7BCB0B1B1BE1509B00042C40 /* SearchTextField.h */,
				7BCB0B1C1BE1509B00042C40 /* SearchTextField.m */,
			);
			name = UITextField;
			sourceTree = "<group>";
		};
		7BCB0B211BE153EC00042C40 /* UILabel */ = {
			isa = PBXGroup;
			children = (
				7B87A4781BE286F70024A45B /* CellLabel.h */,
				7B87A4791BE286F70024A45B /* CellLabel.m */,
				7BCB0B221BE1540800042C40 /* GenericLabel.h */,
				7BCB0B231BE1540800042C40 /* GenericLabel.m */,
				7BCB0B251BE1554200042C40 /* RecentSearchLabel.h */,
				7BCB0B261BE1554200042C40 /* RecentSearchLabel.m */,
				7BCB0B281BE1558100042C40 /* TrendingNowLabel.h */,
				7BCB0B291BE1558100042C40 /* TrendingNowLabel.m */,
			);
			name = UILabel;
			sourceTree = "<group>";
		};
		7BCB0B2B1BE15E8500042C40 /* DAO */ = {
			isa = PBXGroup;
			children = (
				7BCB0B2C1BE15E9600042C40 /* GenericDAO.h */,
				7BCB0B2D1BE15E9600042C40 /* GenericDAO.m */,
				7BCB0B2F1BE15F0200042C40 /* SearchDAO.h */,
				7BCB0B301BE15F0200042C40 /* SearchDAO.m */,
				7BCB0B321BE1615D00042C40 /* TrendingDAO.h */,
				7BCB0B331BE1615D00042C40 /* TrendingDAO.m */,
				7B9CD3AD1BE332B40024434D /* ImageDAO.h */,
				7B9CD3AE1BE332B40024434D /* ImageDAO.m */,
			);
			name = DAO;
			sourceTree = "<group>";
		};
		7BCB0B351BE179C700042C40 /* CATransformLayer */ = {
			isa = PBXGroup;
			children = (
				7BCB0B361BE17A0200042C40 /* CATransformLayer+Helper.h */,
				7BCB0B371BE17A0200042C40 /* CATransformLayer+Helper.m */,
			);
			name = CATransformLayer;
			sourceTree = "<group>";
		};
/* End PBXGroup section */

/* Begin PBXNativeTarget section */
		7BC0C2241BDD583600CE2540 /* SoT */ = {
			isa = PBXNativeTarget;
			buildConfigurationList = 7BC0C2521BDD583600CE2540 /* Build configuration list for PBXNativeTarget "SoT" */;
			buildPhases = (
				5FBB479B695A2EA59F7984B5 /* Check Pods Manifest.lock */,
				7BC0C2211BDD583600CE2540 /* Sources */,
				7BC0C2221BDD583600CE2540 /* Frameworks */,
				7BC0C2231BDD583600CE2540 /* Resources */,
				171131860C1AD8DC6440D525 /* Copy Pods Resources */,
				7B9CD3A61BE30DB60024434D /* ShellScript */,
			);
			buildRules = (
			);
			dependencies = (
			);
			name = SoT;
			productName = SoT;
			productReference = 7BC0C2251BDD583600CE2540 /* SoT.app */;
			productType = "com.apple.product-type.application";
		};
		7BC0C23D1BDD583600CE2540 /* SoTTests */ = {
			isa = PBXNativeTarget;
			buildConfigurationList = 7BC0C2551BDD583600CE2540 /* Build configuration list for PBXNativeTarget "SoTTests" */;
			buildPhases = (
				7BC0C23A1BDD583600CE2540 /* Sources */,
				7BC0C23B1BDD583600CE2540 /* Frameworks */,
				7BC0C23C1BDD583600CE2540 /* Resources */,
			);
			buildRules = (
			);
			dependencies = (
				7BC0C2401BDD583600CE2540 /* PBXTargetDependency */,
			);
			name = SoTTests;
			productName = SoTTests;
			productReference = 7BC0C23E1BDD583600CE2540 /* SoTTests.xctest */;
			productType = "com.apple.product-type.bundle.unit-test";
		};
		7BC0C2481BDD583600CE2540 /* SoTUITests */ = {
			isa = PBXNativeTarget;
			buildConfigurationList = 7BC0C2581BDD583600CE2540 /* Build configuration list for PBXNativeTarget "SoTUITests" */;
			buildPhases = (
				7BC0C2451BDD583600CE2540 /* Sources */,
				7BC0C2461BDD583600CE2540 /* Frameworks */,
				7BC0C2471BDD583600CE2540 /* Resources */,
			);
			buildRules = (
			);
			dependencies = (
				7BC0C24B1BDD583600CE2540 /* PBXTargetDependency */,
			);
			name = SoTUITests;
			productName = SoTUITests;
			productReference = 7BC0C2491BDD583600CE2540 /* SoTUITests.xctest */;
			productType = "com.apple.product-type.bundle.ui-testing";
		};
/* End PBXNativeTarget section */

/* Begin PBXProject section */
		7BC0C21D1BDD583600CE2540 /* Project object */ = {
			isa = PBXProject;
			attributes = {
				LastUpgradeCheck = 0700;
				ORGANIZATIONNAME = "Jhonathan Wyterlin";
				TargetAttributes = {
					7BC0C2241BDD583600CE2540 = {
						CreatedOnToolsVersion = 7.0.1;
					};
					7BC0C23D1BDD583600CE2540 = {
						CreatedOnToolsVersion = 7.0.1;
						TestTargetID = 7BC0C2241BDD583600CE2540;
					};
					7BC0C2481BDD583600CE2540 = {
						CreatedOnToolsVersion = 7.0.1;
						TestTargetID = 7BC0C2241BDD583600CE2540;
					};
				};
			};
			buildConfigurationList = 7BC0C2201BDD583600CE2540 /* Build configuration list for PBXProject "SoT" */;
			compatibilityVersion = "Xcode 3.2";
			developmentRegion = English;
			hasScannedForEncodings = 0;
			knownRegions = (
				en,
				Base,
				"pt-BR",
			);
			mainGroup = 7BC0C21C1BDD583600CE2540;
			productRefGroup = 7BC0C2261BDD583600CE2540 /* Products */;
			projectDirPath = "";
			projectRoot = "";
			targets = (
				7BC0C2241BDD583600CE2540 /* SoT */,
				7BC0C23D1BDD583600CE2540 /* SoTTests */,
				7BC0C2481BDD583600CE2540 /* SoTUITests */,
			);
		};
/* End PBXProject section */

/* Begin PBXResourcesBuildPhase section */
		7BC0C2231BDD583600CE2540 /* Resources */ = {
			isa = PBXResourcesBuildPhase;
			buildActionMask = 2147483647;
			files = (
				7BC0C2381BDD583600CE2540 /* LaunchScreen.storyboard in Resources */,
				7B75C6751BE3476A0030F85F /* Localizable.strings in Resources */,
				7B87A46A1BE263850024A45B /* TweetCell.xib in Resources */,
				7BC0C2351BDD583600CE2540 /* Assets.xcassets in Resources */,
				7BC0C2331BDD583600CE2540 /* Main.storyboard in Resources */,
				7B3893421BE30C5E00B9CE13 /* TwitterKitResources.bundle in Resources */,
			);
			runOnlyForDeploymentPostprocessing = 0;
		};
		7BC0C23C1BDD583600CE2540 /* Resources */ = {
			isa = PBXResourcesBuildPhase;
			buildActionMask = 2147483647;
			files = (
			);
			runOnlyForDeploymentPostprocessing = 0;
		};
		7BC0C2471BDD583600CE2540 /* Resources */ = {
			isa = PBXResourcesBuildPhase;
			buildActionMask = 2147483647;
			files = (
			);
			runOnlyForDeploymentPostprocessing = 0;
		};
/* End PBXResourcesBuildPhase section */

/* Begin PBXShellScriptBuildPhase section */
		171131860C1AD8DC6440D525 /* Copy Pods Resources */ = {
			isa = PBXShellScriptBuildPhase;
			buildActionMask = 2147483647;
			files = (
			);
			inputPaths = (
			);
			name = "Copy Pods Resources";
			outputPaths = (
			);
			runOnlyForDeploymentPostprocessing = 0;
			shellPath = /bin/sh;
			shellScript = "\"${SRCROOT}/Pods/Target Support Files/Pods/Pods-resources.sh\"\n";
			showEnvVarsInLog = 0;
		};
		5FBB479B695A2EA59F7984B5 /* Check Pods Manifest.lock */ = {
			isa = PBXShellScriptBuildPhase;
			buildActionMask = 2147483647;
			files = (
			);
			inputPaths = (
			);
			name = "Check Pods Manifest.lock";
			outputPaths = (
			);
			runOnlyForDeploymentPostprocessing = 0;
			shellPath = /bin/sh;
			shellScript = "diff \"${PODS_ROOT}/../Podfile.lock\" \"${PODS_ROOT}/Manifest.lock\" > /dev/null\nif [[ $? != 0 ]] ; then\n    cat << EOM\nerror: The sandbox is not in sync with the Podfile.lock. Run 'pod install' or update your CocoaPods installation.\nEOM\n    exit 1\nfi\n";
			showEnvVarsInLog = 0;
		};
		7B9CD3A61BE30DB60024434D /* ShellScript */ = {
			isa = PBXShellScriptBuildPhase;
			buildActionMask = 2147483647;
			files = (
			);
			inputPaths = (
			);
			outputPaths = (
			);
			runOnlyForDeploymentPostprocessing = 0;
			shellPath = /bin/sh;
			shellScript = "./Fabric.framework/run 4d0859db371d936bd8b829ea2e013df725e9361c 761d6c667b3422228327c69d5496804c389c8ad576c4cc5ca9a38697f811acc8";
		};
/* End PBXShellScriptBuildPhase section */

/* Begin PBXSourcesBuildPhase section */
		7BC0C2211BDD583600CE2540 /* Sources */ = {
			isa = PBXSourcesBuildPhase;
			buildActionMask = 2147483647;
			files = (
				7BCB0B201BE151DD00042C40 /* SearchBackgroundView.m in Sources */,
				7BCB0AEE1BE13B7E00042C40 /* RecentSearchButton.m in Sources */,
				7B87A47A1BE286F70024A45B /* CellLabel.m in Sources */,
				7B60F6321BE40464001E3279 /* RecentSearch.m in Sources */,
				7BCB0AF11BE13B9100042C40 /* GenericButton.m in Sources */,
				7B87A4631BE261270024A45B /* TweetCell.m in Sources */,
				7BCB0B061BE1479400042C40 /* UIView+Helper.m in Sources */,
				7BCB0B2A1BE1558100042C40 /* TrendingNowLabel.m in Sources */,
				7BCB0B2E1BE15E9600042C40 /* GenericDAO.m in Sources */,
				7B87A4721BE27E280024A45B /* CellHelper.m in Sources */,
				7BCB0B341BE1615D00042C40 /* TrendingDAO.m in Sources */,
				7BCF40911BE29D3D002A3D28 /* TopSearchBarView.m in Sources */,
				7B87A46F1BE268CE0024A45B /* UITableView+Helper.m in Sources */,
				7BCB0B241BE1540800042C40 /* GenericLabel.m in Sources */,
				7BC0C22A1BDD583600CE2540 /* main.m in Sources */,
				7BCB0B091BE14ACC00042C40 /* GenericView.m in Sources */,
				7BCB0B011BE13FE100042C40 /* DeviceInfo.m in Sources */,
				7BCB0B161BE14E8B00042C40 /* TwitterImageView.m in Sources */,
				7BCB0AF71BE13D6000042C40 /* HomeViewController.m in Sources */,
				7B9CD3AF1BE332B40024434D /* ImageDAO.m in Sources */,
				7B87A45C1BE25F2D0024A45B /* TweetModel.m in Sources */,
				7B87A4561BE25C070024A45B /* ResultSearchViewController.m in Sources */,
				7B9CD3AC1BE31C010024434D /* Validator.m in Sources */,
				7BCB0AF41BE13BBB00042C40 /* TrendingNowButton.m in Sources */,
				7BCB0B191BE1506800042C40 /* GenericTextField.m in Sources */,
				7BCB0B131BE14D4C00042C40 /* SearchImageView.m in Sources */,
				7BCB0B1D1BE1509B00042C40 /* SearchTextField.m in Sources */,
				7BCB0B101BE14D1800042C40 /* GenericImageView.m in Sources */,
				7BCB0AFE1BE13FCB00042C40 /* Constants.m in Sources */,
				7B9CD3A91BE313730024434D /* TrendingModel.m in Sources */,
				7BCB0AFA1BE13D8B00042C40 /* AppDelegate.m in Sources */,
				7BCB0B381BE17A0200042C40 /* CATransformLayer+Helper.m in Sources */,
				7B87A4591BE25F140024A45B /* GenericModel.m in Sources */,
				7B87A4601BE2601D0024A45B /* GenericTableViewCell.m in Sources */,
				7BCB0B271BE1554200042C40 /* RecentSearchLabel.m in Sources */,
				7BCB0B3B1BE17A4700042C40 /* GenericViewController.m in Sources */,
				7BD3E91E1BE2F74100473577 /* Routes.m in Sources */,
				7BCB0B311BE15F0200042C40 /* SearchDAO.m in Sources */,
				7BCB0B0C1BE14B1C00042C40 /* LineView.m in Sources */,
			);
			runOnlyForDeploymentPostprocessing = 0;
		};
		7BC0C23A1BDD583600CE2540 /* Sources */ = {
			isa = PBXSourcesBuildPhase;
			buildActionMask = 2147483647;
			files = (
				7BC0C2431BDD583600CE2540 /* SoTTests.m in Sources */,
			);
			runOnlyForDeploymentPostprocessing = 0;
		};
		7BC0C2451BDD583600CE2540 /* Sources */ = {
			isa = PBXSourcesBuildPhase;
			buildActionMask = 2147483647;
			files = (
				7BC0C24E1BDD583600CE2540 /* SoTUITests.m in Sources */,
			);
			runOnlyForDeploymentPostprocessing = 0;
		};
/* End PBXSourcesBuildPhase section */

/* Begin PBXTargetDependency section */
		7BC0C2401BDD583600CE2540 /* PBXTargetDependency */ = {
			isa = PBXTargetDependency;
			target = 7BC0C2241BDD583600CE2540 /* SoT */;
			targetProxy = 7BC0C23F1BDD583600CE2540 /* PBXContainerItemProxy */;
		};
		7BC0C24B1BDD583600CE2540 /* PBXTargetDependency */ = {
			isa = PBXTargetDependency;
			target = 7BC0C2241BDD583600CE2540 /* SoT */;
			targetProxy = 7BC0C24A1BDD583600CE2540 /* PBXContainerItemProxy */;
		};
/* End PBXTargetDependency section */

/* Begin PBXVariantGroup section */
		7B75C6771BE3476A0030F85F /* Localizable.strings */ = {
			isa = PBXVariantGroup;
			children = (
				7B75C6761BE3476A0030F85F /* Base */,
				7B75C6791BE347700030F85F /* pt-BR */,
			);
			name = Localizable.strings;
			path = Internationalization;
			sourceTree = "<group>";
		};
		7BC0C2311BDD583600CE2540 /* Main.storyboard */ = {
			isa = PBXVariantGroup;
			children = (
				7BC0C2321BDD583600CE2540 /* Base */,
				7B75C6741BE347600030F85F /* pt-BR */,
			);
			name = Main.storyboard;
			sourceTree = "<group>";
		};
		7BC0C2361BDD583600CE2540 /* LaunchScreen.storyboard */ = {
			isa = PBXVariantGroup;
			children = (
				7BC0C2371BDD583600CE2540 /* Base */,
				7B75C6731BE347600030F85F /* pt-BR */,
			);
			name = LaunchScreen.storyboard;
			sourceTree = "<group>";
		};
/* End PBXVariantGroup section */

/* Begin XCBuildConfiguration section */
		7BC0C2501BDD583600CE2540 /* Debug */ = {
			isa = XCBuildConfiguration;
			buildSettings = {
				ALWAYS_SEARCH_USER_PATHS = NO;
				CLANG_CXX_LANGUAGE_STANDARD = "gnu++0x";
				CLANG_CXX_LIBRARY = "libc++";
				CLANG_ENABLE_MODULES = YES;
				CLANG_ENABLE_OBJC_ARC = YES;
				CLANG_WARN_BOOL_CONVERSION = YES;
				CLANG_WARN_CONSTANT_CONVERSION = YES;
				CLANG_WARN_DIRECT_OBJC_ISA_USAGE = YES_ERROR;
				CLANG_WARN_EMPTY_BODY = YES;
				CLANG_WARN_ENUM_CONVERSION = YES;
				CLANG_WARN_INT_CONVERSION = YES;
				CLANG_WARN_OBJC_ROOT_CLASS = YES_ERROR;
				CLANG_WARN_UNREACHABLE_CODE = YES;
				CLANG_WARN__DUPLICATE_METHOD_MATCH = YES;
				"CODE_SIGN_IDENTITY[sdk=iphoneos*]" = "iPhone Developer";
				COPY_PHASE_STRIP = NO;
				DEBUG_INFORMATION_FORMAT = dwarf;
				ENABLE_STRICT_OBJC_MSGSEND = YES;
				ENABLE_TESTABILITY = YES;
				GCC_C_LANGUAGE_STANDARD = gnu99;
				GCC_DYNAMIC_NO_PIC = NO;
				GCC_NO_COMMON_BLOCKS = YES;
				GCC_OPTIMIZATION_LEVEL = 0;
				GCC_PREPROCESSOR_DEFINITIONS = (
					"DEBUG=1",
					"$(inherited)",
				);
				GCC_WARN_64_TO_32_BIT_CONVERSION = YES;
				GCC_WARN_ABOUT_RETURN_TYPE = YES_ERROR;
				GCC_WARN_UNDECLARED_SELECTOR = YES;
				GCC_WARN_UNINITIALIZED_AUTOS = YES_AGGRESSIVE;
				GCC_WARN_UNUSED_FUNCTION = YES;
				GCC_WARN_UNUSED_VARIABLE = YES;
				IPHONEOS_DEPLOYMENT_TARGET = 8.0;
				MTL_ENABLE_DEBUG_INFO = YES;
				ONLY_ACTIVE_ARCH = YES;
				SDKROOT = iphoneos;
				TARGETED_DEVICE_FAMILY = "1,2";
			};
			name = Debug;
		};
		7BC0C2511BDD583600CE2540 /* Release */ = {
			isa = XCBuildConfiguration;
			buildSettings = {
				ALWAYS_SEARCH_USER_PATHS = NO;
				CLANG_CXX_LANGUAGE_STANDARD = "gnu++0x";
				CLANG_CXX_LIBRARY = "libc++";
				CLANG_ENABLE_MODULES = YES;
				CLANG_ENABLE_OBJC_ARC = YES;
				CLANG_WARN_BOOL_CONVERSION = YES;
				CLANG_WARN_CONSTANT_CONVERSION = YES;
				CLANG_WARN_DIRECT_OBJC_ISA_USAGE = YES_ERROR;
				CLANG_WARN_EMPTY_BODY = YES;
				CLANG_WARN_ENUM_CONVERSION = YES;
				CLANG_WARN_INT_CONVERSION = YES;
				CLANG_WARN_OBJC_ROOT_CLASS = YES_ERROR;
				CLANG_WARN_UNREACHABLE_CODE = YES;
				CLANG_WARN__DUPLICATE_METHOD_MATCH = YES;
				"CODE_SIGN_IDENTITY[sdk=iphoneos*]" = "iPhone Developer";
				COPY_PHASE_STRIP = NO;
				DEBUG_INFORMATION_FORMAT = "dwarf-with-dsym";
				ENABLE_NS_ASSERTIONS = NO;
				ENABLE_STRICT_OBJC_MSGSEND = YES;
				GCC_C_LANGUAGE_STANDARD = gnu99;
				GCC_NO_COMMON_BLOCKS = YES;
				GCC_WARN_64_TO_32_BIT_CONVERSION = YES;
				GCC_WARN_ABOUT_RETURN_TYPE = YES_ERROR;
				GCC_WARN_UNDECLARED_SELECTOR = YES;
				GCC_WARN_UNINITIALIZED_AUTOS = YES_AGGRESSIVE;
				GCC_WARN_UNUSED_FUNCTION = YES;
				GCC_WARN_UNUSED_VARIABLE = YES;
				IPHONEOS_DEPLOYMENT_TARGET = 8.0;
				MTL_ENABLE_DEBUG_INFO = NO;
				SDKROOT = iphoneos;
				TARGETED_DEVICE_FAMILY = "1,2";
				VALIDATE_PRODUCT = YES;
			};
			name = Release;
		};
		7BC0C2531BDD583600CE2540 /* Debug */ = {
			isa = XCBuildConfiguration;
			baseConfigurationReference = 84D3552E76C1074C58559FE6 /* Pods.debug.xcconfig */;
			buildSettings = {
				ASSETCATALOG_COMPILER_APPICON_NAME = AppIcon;
				FRAMEWORK_SEARCH_PATHS = (
					"$(inherited)",
					"$(PROJECT_DIR)/Frameworks",
				);
				INFOPLIST_FILE = SoT/Info.plist;
				IPHONEOS_DEPLOYMENT_TARGET = 8.0;
				LD_RUNPATH_SEARCH_PATHS = "$(inherited) @executable_path/Frameworks";
				PRODUCT_BUNDLE_IDENTIFIER = com.jhonathan.SoT;
				PRODUCT_NAME = "$(TARGET_NAME)";
			};
			name = Debug;
		};
		7BC0C2541BDD583600CE2540 /* Release */ = {
			isa = XCBuildConfiguration;
			baseConfigurationReference = 72E38342024A0303B5408930 /* Pods.release.xcconfig */;
			buildSettings = {
				ASSETCATALOG_COMPILER_APPICON_NAME = AppIcon;
				FRAMEWORK_SEARCH_PATHS = (
					"$(inherited)",
					"$(PROJECT_DIR)/Frameworks",
				);
				INFOPLIST_FILE = SoT/Info.plist;
				IPHONEOS_DEPLOYMENT_TARGET = 8.0;
				LD_RUNPATH_SEARCH_PATHS = "$(inherited) @executable_path/Frameworks";
				PRODUCT_BUNDLE_IDENTIFIER = com.jhonathan.SoT;
				PRODUCT_NAME = "$(TARGET_NAME)";
			};
			name = Release;
		};
		7BC0C2561BDD583600CE2540 /* Debug */ = {
			isa = XCBuildConfiguration;
			buildSettings = {
				BUNDLE_LOADER = "$(TEST_HOST)";
				INFOPLIST_FILE = SoTTests/Info.plist;
				LD_RUNPATH_SEARCH_PATHS = "$(inherited) @executable_path/Frameworks @loader_path/Frameworks";
				PRODUCT_BUNDLE_IDENTIFIER = com.jhonathan.SoTTests;
				PRODUCT_NAME = "$(TARGET_NAME)";
				TEST_HOST = "$(BUILT_PRODUCTS_DIR)/SoT.app/SoT";
			};
			name = Debug;
		};
		7BC0C2571BDD583600CE2540 /* Release */ = {
			isa = XCBuildConfiguration;
			buildSettings = {
				BUNDLE_LOADER = "$(TEST_HOST)";
				INFOPLIST_FILE = SoTTests/Info.plist;
				LD_RUNPATH_SEARCH_PATHS = "$(inherited) @executable_path/Frameworks @loader_path/Frameworks";
				PRODUCT_BUNDLE_IDENTIFIER = com.jhonathan.SoTTests;
				PRODUCT_NAME = "$(TARGET_NAME)";
				TEST_HOST = "$(BUILT_PRODUCTS_DIR)/SoT.app/SoT";
			};
			name = Release;
		};
		7BC0C2591BDD583600CE2540 /* Debug */ = {
			isa = XCBuildConfiguration;
			buildSettings = {
				INFOPLIST_FILE = SoTUITests/Info.plist;
				LD_RUNPATH_SEARCH_PATHS = "$(inherited) @executable_path/Frameworks @loader_path/Frameworks";
				PRODUCT_BUNDLE_IDENTIFIER = com.jhonathan.SoTUITests;
				PRODUCT_NAME = "$(TARGET_NAME)";
				TEST_TARGET_NAME = SoT;
				USES_XCTRUNNER = YES;
			};
			name = Debug;
		};
		7BC0C25A1BDD583600CE2540 /* Release */ = {
			isa = XCBuildConfiguration;
			buildSettings = {
				INFOPLIST_FILE = SoTUITests/Info.plist;
				LD_RUNPATH_SEARCH_PATHS = "$(inherited) @executable_path/Frameworks @loader_path/Frameworks";
				PRODUCT_BUNDLE_IDENTIFIER = com.jhonathan.SoTUITests;
				PRODUCT_NAME = "$(TARGET_NAME)";
				TEST_TARGET_NAME = SoT;
				USES_XCTRUNNER = YES;
			};
			name = Release;
		};
/* End XCBuildConfiguration section */

/* Begin XCConfigurationList section */
		7BC0C2201BDD583600CE2540 /* Build configuration list for PBXProject "SoT" */ = {
			isa = XCConfigurationList;
			buildConfigurations = (
				7BC0C2501BDD583600CE2540 /* Debug */,
				7BC0C2511BDD583600CE2540 /* Release */,
			);
			defaultConfigurationIsVisible = 0;
			defaultConfigurationName = Release;
		};
		7BC0C2521BDD583600CE2540 /* Build configuration list for PBXNativeTarget "SoT" */ = {
			isa = XCConfigurationList;
			buildConfigurations = (
				7BC0C2531BDD583600CE2540 /* Debug */,
				7BC0C2541BDD583600CE2540 /* Release */,
			);
			defaultConfigurationIsVisible = 0;
			defaultConfigurationName = Release;
		};
		7BC0C2551BDD583600CE2540 /* Build configuration list for PBXNativeTarget "SoTTests" */ = {
			isa = XCConfigurationList;
			buildConfigurations = (
				7BC0C2561BDD583600CE2540 /* Debug */,
				7BC0C2571BDD583600CE2540 /* Release */,
			);
			defaultConfigurationIsVisible = 0;
			defaultConfigurationName = Release;
		};
		7BC0C2581BDD583600CE2540 /* Build configuration list for PBXNativeTarget "SoTUITests" */ = {
			isa = XCConfigurationList;
			buildConfigurations = (
				7BC0C2591BDD583600CE2540 /* Debug */,
				7BC0C25A1BDD583600CE2540 /* Release */,
			);
			defaultConfigurationIsVisible = 0;
			defaultConfigurationName = Release;
		};
/* End XCConfigurationList section */
	};
	rootObject = 7BC0C21D1BDD583600CE2540 /* Project object */;
}
